
Microsoft Visual Studio Solution File, Format Version 12.00
# Visual Studio Version 16
VisualStudioVersion = 16.0.810.10
MinimumVisualStudioVersion = 10.0.40219.1
Project("{FAE04EC0-301F-11D3-BF4B-00C04F79EFBC}") = "TANPHAT.CRM", "TANPHAT.CRM\TANPHAT.CRM.csproj", "{D2F82C66-9036-499D-B1E5-ABCB278160BA}"
EndProject
Project("{2150E333-8FDC-42A3-9474-1A3956D46DE8}") = "1.Application", "1.Application", "{D0D839FD-BC84-4FD2-BCE8-C08DAF52259C}"
EndProject
Project("{2150E333-8FDC-42A3-9474-1A3956D46DE8}") = "2.Services", "2.Services", "{EF74069F-76F9-4C20-B2CD-FBE7527C1644}"
EndProject
Project("{2150E333-8FDC-42A3-9474-1A3956D46DE8}") = "1.ApiClient", "1.ApiClient", "{5672C89B-8B34-40F5-AB26-C6FDB8557A5B}"
EndProject
Project("{2150E333-8FDC-42A3-9474-1A3956D46DE8}") = "2.ApiListener", "2.ApiListener", "{0988570D-3F8A-4696-A0EF-28EF0B931178}"
EndProject
Project("{2150E333-8FDC-42A3-9474-1A3956D46DE8}") = "3.Business", "3.Business", "{10444DB3-5435-43D5-B84E-A2596E5C6488}"
EndProject
Project("{2150E333-8FDC-42A3-9474-1A3956D46DE8}") = "4.Provider", "4.Provider", "{3BFCDFB1-EEA8-4FF0-9FD6-26BEF676E90D}"
EndProject
Project("{2150E333-8FDC-42A3-9474-1A3956D46DE8}") = "5.Domain", "5.Domain", "{92548424-7B3F-4A00-9346-D098479677C4}"
EndProject
Project("{FAE04EC0-301F-11D3-BF4B-00C04F79EFBC}") = "TANPHAT.CRM.Client", "TANPHAT.CRM.Client\TANPHAT.CRM.Client.csproj", "{7FC179A2-F2E5-4381-AF14-59E37AEFF59E}"
EndProject
Project("{FAE04EC0-301F-11D3-BF4B-00C04F79EFBC}") = "TANPHAT.CRM.ApiListener", "TANPHAT.CRM.ApiListener\TANPHAT.CRM.ApiListener.csproj", "{D844821D-9E78-4C3F-B8ED-E708936FA2E0}"
EndProject
Project("{FAE04EC0-301F-11D3-BF4B-00C04F79EFBC}") = "TANPHAT.CRM.Business", "TANPHAT.CRM.Business\TANPHAT.CRM.Business.csproj", "{88A47153-E379-4230-B4D1-6807BA94930B}"
EndProject
Project("{FAE04EC0-301F-11D3-BF4B-00C04F79EFBC}") = "TANPHAT.CRM.Provider", "TANPHAT.CRM.Provider\TANPHAT.CRM.Provider.csproj", "{4B756960-9EE9-428B-9C69-CEFB221AEA5D}"
EndProject
Project("{FAE04EC0-301F-11D3-BF4B-00C04F79EFBC}") = "TANPHAT.CRM.Domain", "TANPHAT.CRM.Domain\TANPHAT.CRM.Domain.csproj", "{533E905A-6A55-44AB-9399-F16E5C911643}"
EndProject
Global
	GlobalSection(SolutionConfigurationPlatforms) = preSolution
		Debug|Any CPU = Debug|Any CPU
		Release|Any CPU = Release|Any CPU
	EndGlobalSection
	GlobalSection(ProjectConfigurationPlatforms) = postSolution
		{D2F82C66-9036-499D-B1E5-ABCB278160BA}.Debug|Any CPU.ActiveCfg = Debug|Any CPU
		{D2F82C66-9036-499D-B1E5-ABCB278160BA}.Debug|Any CPU.Build.0 = Debug|Any CPU
		{D2F82C66-9036-499D-B1E5-ABCB278160BA}.Release|Any CPU.ActiveCfg = Release|Any CPU
		{D2F82C66-9036-499D-B1E5-ABCB278160BA}.Release|Any CPU.Build.0 = Release|Any CPU
		{7FC179A2-F2E5-4381-AF14-59E37AEFF59E}.Debug|Any CPU.ActiveCfg = Debug|Any CPU
		{7FC179A2-F2E5-4381-AF14-59E37AEFF59E}.Debug|Any CPU.Build.0 = Debug|Any CPU
		{7FC179A2-F2E5-4381-AF14-59E37AEFF59E}.Release|Any CPU.ActiveCfg = Release|Any CPU
		{7FC179A2-F2E5-4381-AF14-59E37AEFF59E}.Release|Any CPU.Build.0 = Release|Any CPU
		{D844821D-9E78-4C3F-B8ED-E708936FA2E0}.Debug|Any CPU.ActiveCfg = Debug|Any CPU
		{D844821D-9E78-4C3F-B8ED-E708936FA2E0}.Debug|Any CPU.Build.0 = Debug|Any CPU
		{D844821D-9E78-4C3F-B8ED-E708936FA2E0}.Release|Any CPU.ActiveCfg = Release|Any CPU
		{D844821D-9E78-4C3F-B8ED-E708936FA2E0}.Release|Any CPU.Build.0 = Release|Any CPU
		{88A47153-E379-4230-B4D1-6807BA94930B}.Debug|Any CPU.ActiveCfg = Debug|Any CPU
		{88A47153-E379-4230-B4D1-6807BA94930B}.Debug|Any CPU.Build.0 = Debug|Any CPU
		{88A47153-E379-4230-B4D1-6807BA94930B}.Release|Any CPU.ActiveCfg = Release|Any CPU
		{88A47153-E379-4230-B4D1-6807BA94930B}.Release|Any CPU.Build.0 = Release|Any CPU
		{4B756960-9EE9-428B-9C69-CEFB221AEA5D}.Debug|Any CPU.ActiveCfg = Debug|Any CPU
		{4B756960-9EE9-428B-9C69-CEFB221AEA5D}.Debug|Any CPU.Build.0 = Debug|Any CPU
		{4B756960-9EE9-428B-9C69-CEFB221AEA5D}.Release|Any CPU.ActiveCfg = Release|Any CPU
		{4B756960-9EE9-428B-9C69-CEFB221AEA5D}.Release|Any CPU.Build.0 = Release|Any CPU
		{533E905A-6A55-44AB-9399-F16E5C911643}.Debug|Any CPU.ActiveCfg = Debug|Any CPU
		{533E905A-6A55-44AB-9399-F16E5C911643}.Debug|Any CPU.Build.0 = Debug|Any CPU
		{533E905A-6A55-44AB-9399-F16E5C911643}.Release|Any CPU.ActiveCfg = Release|Any CPU
		{533E905A-6A55-44AB-9399-F16E5C911643}.Release|Any CPU.Build.0 = Release|Any CPU
	EndGlobalSection
	GlobalSection(SolutionProperties) = preSolution
		HideSolutionNode = FALSE
	EndGlobalSection
	GlobalSection(ExtensibilityGlobals) = postSolution
		SolutionGuid = {ACE1A7F1-4ACB-4EF2-A20F-EFA3C79FB645}
	EndGlobalSection
	GlobalSection(NestedProjects) = preSolution
		{D2F82C66-9036-499D-B1E5-ABCB278160BA} = {D0D839FD-BC84-4FD2-BCE8-C08DAF52259C}
		{5672C89B-8B34-40F5-AB26-C6FDB8557A5B} = {EF74069F-76F9-4C20-B2CD-FBE7527C1644}
		{0988570D-3F8A-4696-A0EF-28EF0B931178} = {EF74069F-76F9-4C20-B2CD-FBE7527C1644}
		{10444DB3-5435-43D5-B84E-A2596E5C6488} = {EF74069F-76F9-4C20-B2CD-FBE7527C1644}
		{3BFCDFB1-EEA8-4FF0-9FD6-26BEF676E90D} = {EF74069F-76F9-4C20-B2CD-FBE7527C1644}
		{92548424-7B3F-4A00-9346-D098479677C4} = {EF74069F-76F9-4C20-B2CD-FBE7527C1644}
		{7FC179A2-F2E5-4381-AF14-59E37AEFF59E} = {5672C89B-8B34-40F5-AB26-C6FDB8557A5B}
		{D844821D-9E78-4C3F-B8ED-E708936FA2E0} = {0988570D-3F8A-4696-A0EF-28EF0B931178}
		{88A47153-E379-4230-B4D1-6807BA94930B} = {10444DB3-5435-43D5-B84E-A2596E5C6488}
		{4B756960-9EE9-428B-9C69-CEFB221AEA5D} = {3BFCDFB1-EEA8-4FF0-9FD6-26BEF676E90D}
		{533E905A-6A55-44AB-9399-F16E5C911643} = {92548424-7B3F-4A00-9346-D098479677C4}
	EndGlobalSection
EndGlobal
